
Microsoft Visual Studio Solution File, Format Version 12.00
# Visual Studio Version 16
VisualStudioVersion = 16.0.30517.126
MinimumVisualStudioVersion = 10.0.40219.1
Project("{FAE04EC0-301F-11D3-BF4B-00C04F79EFBC}") = "DataTypes", "DataTypes\DataTypes.csproj", "{7B629FDE-F73E-4A0C-B31E-C4E91485647A}"
EndProject
Project("{FAE04EC0-301F-11D3-BF4B-00C04F79EFBC}") = "InputOutput", "InputOutput\InputOutput.csproj", "{6B47C27A-0C47-4680-B22F-4E32C03F802D}"
EndProject
Project("{FAE04EC0-301F-11D3-BF4B-00C04F79EFBC}") = "NumericTypes", "NumericTypes\NumericTypes.csproj", "{DDC7B0EF-05C3-4B71-8716-06C3181A58E9}"
EndProject
Project("{FAE04EC0-301F-11D3-BF4B-00C04F79EFBC}") = "MilesPerGallon", "MilesPerGallon\MilesPerGallon.csproj", "{60A9DCAA-AB55-4525-9D0C-7E6269ED4789}"
EndProject
Project("{FAE04EC0-301F-11D3-BF4B-00C04F79EFBC}") = "StringsAdventure", "StringsAdventure\StringsAdventure.csproj", "{EC3837A5-A8D4-4B43-A029-40120CAFA154}"
EndProject
Global
	GlobalSection(SolutionConfigurationPlatforms) = preSolution
		Debug|Any CPU = Debug|Any CPU
		Release|Any CPU = Release|Any CPU
	EndGlobalSection
	GlobalSection(ProjectConfigurationPlatforms) = postSolution
		{7B629FDE-F73E-4A0C-B31E-C4E91485647A}.Debug|Any CPU.ActiveCfg = Debug|Any CPU
		{7B629FDE-F73E-4A0C-B31E-C4E91485647A}.Debug|Any CPU.Build.0 = Debug|Any CPU
		{7B629FDE-F73E-4A0C-B31E-C4E91485647A}.Release|Any CPU.ActiveCfg = Release|Any CPU
		{7B629FDE-F73E-4A0C-B31E-C4E91485647A}.Release|Any CPU.Build.0 = Release|Any CPU
		{6B47C27A-0C47-4680-B22F-4E32C03F802D}.Debug|Any CPU.ActiveCfg = Debug|Any CPU
		{6B47C27A-0C47-4680-B22F-4E32C03F802D}.Debug|Any CPU.Build.0 = Debug|Any CPU
		{6B47C27A-0C47-4680-B22F-4E32C03F802D}.Release|Any CPU.ActiveCfg = Release|Any CPU
		{6B47C27A-0C47-4680-B22F-4E32C03F802D}.Release|Any CPU.Build.0 = Release|Any CPU
		{DDC7B0EF-05C3-4B71-8716-06C3181A58E9}.Debug|Any CPU.ActiveCfg = Debug|Any CPU
		{DDC7B0EF-05C3-4B71-8716-06C3181A58E9}.Debug|Any CPU.Build.0 = Debug|Any CPU
		{DDC7B0EF-05C3-4B71-8716-06C3181A58E9}.Release|Any CPU.ActiveCfg = Release|Any CPU
		{DDC7B0EF-05C3-4B71-8716-06C3181A58E9}.Release|Any CPU.Build.0 = Release|Any CPU
		{60A9DCAA-AB55-4525-9D0C-7E6269ED4789}.Debug|Any CPU.ActiveCfg = Debug|Any CPU
		{60A9DCAA-AB55-4525-9D0C-7E6269ED4789}.Debug|Any CPU.Build.0 = Debug|Any CPU
		{60A9DCAA-AB55-4525-9D0C-7E6269ED4789}.Release|Any CPU.ActiveCfg = Release|Any CPU
		{60A9DCAA-AB55-4525-9D0C-7E6269ED4789}.Release|Any CPU.Build.0 = Release|Any CPU
		{EC3837A5-A8D4-4B43-A029-40120CAFA154}.Debug|Any CPU.ActiveCfg = Debug|Any CPU
		{EC3837A5-A8D4-4B43-A029-40120CAFA154}.Debug|Any CPU.Build.0 = Debug|Any CPU
		{EC3837A5-A8D4-4B43-A029-40120CAFA154}.Release|Any CPU.ActiveCfg = Release|Any CPU
		{EC3837A5-A8D4-4B43-A029-40120CAFA154}.Release|Any CPU.Build.0 = Release|Any CPU
	EndGlobalSection
	GlobalSection(SolutionProperties) = preSolution
		HideSolutionNode = FALSE
	EndGlobalSection
	GlobalSection(ExtensibilityGlobals) = postSolution
		SolutionGuid = {578FECCE-0A9F-4CA5-BEF8-3AEB9A3F2BAF}
	EndGlobalSection
EndGlobal
